
Microsoft Visual Studio Solution File, Format Version 12.00
# Visual Studio Version 16
VisualStudioVersion = 16.0.31205.134
MinimumVisualStudioVersion = 10.0.40219.1
Project("{9A19103F-16F7-4668-BE54-9A1E7A4F7556}") = "Funkin.NET.Desktop", "Funkin.NET.Desktop\Funkin.NET.Desktop.csproj", "{DE315A1A-F6DF-4308-8EE2-972BCA89E14D}"
EndProject
Project("{9A19103F-16F7-4668-BE54-9A1E7A4F7556}") = "Funkin.NET", "Funkin.Net\Funkin.NET.csproj", "{9D77002F-E9D0-4BDC-85EB-3C4379AD305B}"
EndProject
Project("{2150E333-8FDC-42A3-9474-1A3956D46DE8}") = "Solution Items", "Solution Items", "{BA1B21DE-DC42-47C7-9990-85B6D0F68B31}"
	ProjectSection(SolutionItems) = preProject
		.gitignore = .gitignore
		.gitmodules = .gitmodules
		Funkin.NET.sln.DotSettings = Funkin.NET.sln.DotSettings
		README.md = README.md
	EndProjectSection
EndProject
Project("{9A19103F-16F7-4668-BE54-9A1E7A4F7556}") = "Funkin.NET.Resources", "Funkin.NET.Resources\Funkin.NET.Resources.csproj", "{56C68E90-0E74-4719-AF6A-190834F277F1}"
EndProject
Project("{9A19103F-16F7-4668-BE54-9A1E7A4F7556}") = "GetFunkin.AdobeNecromancer", "GetFunkin.AdobeNecromancer\GetFunkin.AdobeNecromancer.csproj", "{CA7A966A-1029-438C-9054-5BEC5172DA61}"
EndProject
Project("{9A19103F-16F7-4668-BE54-9A1E7A4F7556}") = "Funkin.NET.Intermediary", "Funkin.NET.Intermediary\Funkin.NET.Intermediary.csproj", "{5703C9D6-8A44-4521-AA22-626B99E62E58}"
EndProject
Project("{2150E333-8FDC-42A3-9474-1A3956D46DE8}") = ".github", ".github", "{5F8433DD-8F62-4341-AB58-AF76101DF212}"
	ProjectSection(SolutionItems) = preProject
		.github\FUNDING.yml = .github\FUNDING.yml
	EndProjectSection
EndProject
Project("{2150E333-8FDC-42A3-9474-1A3956D46DE8}") = "workflows", "workflows", "{99081C59-8DA5-479B-8804-0F72DBBAD606}"
	ProjectSection(SolutionItems) = preProject
		.github\workflows\build.yml = .github\workflows\build.yml
	EndProjectSection
EndProject
Global
	GlobalSection(SolutionConfigurationPlatforms) = preSolution
		Debug|Any CPU = Debug|Any CPU
		Release|Any CPU = Release|Any CPU
	EndGlobalSection
	GlobalSection(ProjectConfigurationPlatforms) = postSolution
		{DE315A1A-F6DF-4308-8EE2-972BCA89E14D}.Debug|Any CPU.ActiveCfg = Debug|Any CPU
		{DE315A1A-F6DF-4308-8EE2-972BCA89E14D}.Debug|Any CPU.Build.0 = Debug|Any CPU
		{DE315A1A-F6DF-4308-8EE2-972BCA89E14D}.Release|Any CPU.ActiveCfg = Release|Any CPU
		{DE315A1A-F6DF-4308-8EE2-972BCA89E14D}.Release|Any CPU.Build.0 = Release|Any CPU
		{9D77002F-E9D0-4BDC-85EB-3C4379AD305B}.Debug|Any CPU.ActiveCfg = Debug|Any CPU
		{9D77002F-E9D0-4BDC-85EB-3C4379AD305B}.Debug|Any CPU.Build.0 = Debug|Any CPU
		{9D77002F-E9D0-4BDC-85EB-3C4379AD305B}.Release|Any CPU.ActiveCfg = Release|Any CPU
		{9D77002F-E9D0-4BDC-85EB-3C4379AD305B}.Release|Any CPU.Build.0 = Release|Any CPU
		{56C68E90-0E74-4719-AF6A-190834F277F1}.Debug|Any CPU.ActiveCfg = Debug|Any CPU
		{56C68E90-0E74-4719-AF6A-190834F277F1}.Debug|Any CPU.Build.0 = Debug|Any CPU
		{56C68E90-0E74-4719-AF6A-190834F277F1}.Release|Any CPU.ActiveCfg = Release|Any CPU
		{56C68E90-0E74-4719-AF6A-190834F277F1}.Release|Any CPU.Build.0 = Release|Any CPU
		{CA7A966A-1029-438C-9054-5BEC5172DA61}.Debug|Any CPU.ActiveCfg = Debug|Any CPU
		{CA7A966A-1029-438C-9054-5BEC5172DA61}.Debug|Any CPU.Build.0 = Debug|Any CPU
		{CA7A966A-1029-438C-9054-5BEC5172DA61}.Release|Any CPU.ActiveCfg = Release|Any CPU
		{CA7A966A-1029-438C-9054-5BEC5172DA61}.Release|Any CPU.Build.0 = Release|Any CPU
		{5703C9D6-8A44-4521-AA22-626B99E62E58}.Debug|Any CPU.ActiveCfg = Debug|Any CPU
		{5703C9D6-8A44-4521-AA22-626B99E62E58}.Debug|Any CPU.Build.0 = Debug|Any CPU
		{5703C9D6-8A44-4521-AA22-626B99E62E58}.Release|Any CPU.ActiveCfg = Release|Any CPU
		{5703C9D6-8A44-4521-AA22-626B99E62E58}.Release|Any CPU.Build.0 = Release|Any CPU
	EndGlobalSection
	GlobalSection(SolutionProperties) = preSolution
		HideSolutionNode = FALSE
	EndGlobalSection
	GlobalSection(NestedProjects) = preSolution
		{5F8433DD-8F62-4341-AB58-AF76101DF212} = {BA1B21DE-DC42-47C7-9990-85B6D0F68B31}
		{99081C59-8DA5-479B-8804-0F72DBBAD606} = {5F8433DD-8F62-4341-AB58-AF76101DF212}
	EndGlobalSection
	GlobalSection(ExtensibilityGlobals) = postSolution
		SolutionGuid = {78BFDC40-2359-4E94-BEED-7F4F51686A3F}
	EndGlobalSection
EndGlobal
