
Microsoft Visual Studio Solution File, Format Version 12.00
# Visual Studio Version 16
VisualStudioVersion = 16.0.31205.134
MinimumVisualStudioVersion = 10.0.40219.1
Project("{9A19103F-16F7-4668-BE54-9A1E7A4F7556}") = "Funkin.NET.Desktop", "Funkin.NET.Desktop\Funkin.NET.Desktop.csproj", "{DE315A1A-F6DF-4308-8EE2-972BCA89E14D}"
EndProject
Project("{9A19103F-16F7-4668-BE54-9A1E7A4F7556}") = "Funkin.NET", "Funkin.Net\Funkin.NET.csproj", "{9D77002F-E9D0-4BDC-85EB-3C4379AD305B}"
EndProject
Project("{FAE04EC0-301F-11D3-BF4B-00C04F79EFBC}") = "GetFunkin.Logging", "GetFunkin.Logging\GetFunkin.Logging.csproj", "{149D7D48-01C7-4411-9457-421EBCABA37E}"
EndProject
Global
	GlobalSection(SolutionConfigurationPlatforms) = preSolution
		Debug|Any CPU = Debug|Any CPU
		Release|Any CPU = Release|Any CPU
	EndGlobalSection
	GlobalSection(ProjectConfigurationPlatforms) = postSolution
		{DE315A1A-F6DF-4308-8EE2-972BCA89E14D}.Debug|Any CPU.ActiveCfg = Debug|Any CPU
		{DE315A1A-F6DF-4308-8EE2-972BCA89E14D}.Debug|Any CPU.Build.0 = Debug|Any CPU
		{DE315A1A-F6DF-4308-8EE2-972BCA89E14D}.Release|Any CPU.ActiveCfg = Release|Any CPU
		{DE315A1A-F6DF-4308-8EE2-972BCA89E14D}.Release|Any CPU.Build.0 = Release|Any CPU
		{9D77002F-E9D0-4BDC-85EB-3C4379AD305B}.Debug|Any CPU.ActiveCfg = Debug|Any CPU
		{9D77002F-E9D0-4BDC-85EB-3C4379AD305B}.Debug|Any CPU.Build.0 = Debug|Any CPU
		{9D77002F-E9D0-4BDC-85EB-3C4379AD305B}.Release|Any CPU.ActiveCfg = Release|Any CPU
		{9D77002F-E9D0-4BDC-85EB-3C4379AD305B}.Release|Any CPU.Build.0 = Release|Any CPU
		{149D7D48-01C7-4411-9457-421EBCABA37E}.Debug|Any CPU.ActiveCfg = Debug|Any CPU
		{149D7D48-01C7-4411-9457-421EBCABA37E}.Debug|Any CPU.Build.0 = Debug|Any CPU
		{149D7D48-01C7-4411-9457-421EBCABA37E}.Release|Any CPU.ActiveCfg = Release|Any CPU
		{149D7D48-01C7-4411-9457-421EBCABA37E}.Release|Any CPU.Build.0 = Release|Any CPU
	EndGlobalSection
	GlobalSection(SolutionProperties) = preSolution
		HideSolutionNode = FALSE
	EndGlobalSection
	GlobalSection(ExtensibilityGlobals) = postSolution
		SolutionGuid = {78BFDC40-2359-4E94-BEED-7F4F51686A3F}
	EndGlobalSection
EndGlobal
